{
  "name": "aluracord",
  "version": "1.0.0",
  "lockfileVersion": 1,
  "requires": true,
  "dependencies": {
    "@next/env": {
      "version": "12.0.9-canary.8",
      "resolved": "https://registry.npmjs.org/@next/env/-/env-12.0.9-canary.8.tgz",
      "integrity": "sha512-vYntNfukClubxJqPMy2l62zcvjOkELQj4gno/mdpv7Sg3sbAtt6hR+FZOE5BA3bLHRJs6QPxidF2vPSXpnGxMw=="
    },
    "@next/swc-android-arm64": {
      "version": "12.0.9-canary.8",
      "resolved": "https://registry.npmjs.org/@next/swc-android-arm64/-/swc-android-arm64-12.0.9-canary.8.tgz",
      "integrity": "sha512-IKs7z0AVc0hwNOSDYg7D7ozmYMTS7mB3/LZgEN3/k5eTWDjn2RKAT1/ZZopqnAIWYUOS7eZQqDseQa5And8Ccg==",
      "optional": true
    },
    "@next/swc-darwin-arm64": {
      "version": "12.0.9-canary.8",
      "resolved": "https://registry.npmjs.org/@next/swc-darwin-arm64/-/swc-darwin-arm64-12.0.9-canary.8.tgz",
      "integrity": "sha512-82NYxIw1Zx0qcvNJ1z3XGcF0OMQOi8PzzwWjUyBpdCGIFMX3ABA3ph+quR2GnuIC4E/1BVur5WXBXVq3RRBPiw==",
      "optional": true
    },
    "@next/swc-darwin-x64": {
      "version": "12.0.9-canary.8",
      "resolved": "https://registry.npmjs.org/@next/swc-darwin-x64/-/swc-darwin-x64-12.0.9-canary.8.tgz",
      "integrity": "sha512-oWJj7mWkh3vWmJ8wjhkuNQHYFg27DlOu/vTpXopQnE3QewYffg288aAN1hQUcFlapI/N+fIxFJKvHgbplrsaTg==",
      "optional": true
    },
    "@next/swc-linux-arm-gnueabihf": {
      "version": "12.0.9-canary.8",
      "resolved": "https://registry.npmjs.org/@next/swc-linux-arm-gnueabihf/-/swc-linux-arm-gnueabihf-12.0.9-canary.8.tgz",
      "integrity": "sha512-jIxTQoZLQVgKwP1rDKHJ/UZstvfhuXijwPrwxMtZKnEBSVidluy4EWXpZorpj0fOKUnljBx9ZlsM6E3cgZHKgg==",
      "optional": true
    },
    "@next/swc-linux-arm64-gnu": {
      "version": "12.0.9-canary.8",
      "resolved": "https://registry.npmjs.org/@next/swc-linux-arm64-gnu/-/swc-linux-arm64-gnu-12.0.9-canary.8.tgz",
      "integrity": "sha512-vM9SvYPYyJ/7P79scbERuYVwq0gz71Xl1fokuEJAjcl1Q2fUW3t1L/Bt0wfEt1Uen7eXgQ2St22jX8hh3se/ag==",
      "optional": true
    },
    "@next/swc-linux-arm64-musl": {
      "version": "12.0.9-canary.8",
      "resolved": "https://registry.npmjs.org/@next/swc-linux-arm64-musl/-/swc-linux-arm64-musl-12.0.9-canary.8.tgz",
      "integrity": "sha512-MPVFc1sfORkYBiS2Rr/kJ+8NC1kX1qXMIKM0qIMXU67GYGdhXR9lfdUvmsyKqHkvA9io/UU6BQXsfpaaZqjqxA==",
      "optional": true
    },
    "@next/swc-linux-x64-gnu": {
      "version": "12.0.9-canary.8",
      "resolved": "https://registry.npmjs.org/@next/swc-linux-x64-gnu/-/swc-linux-x64-gnu-12.0.9-canary.8.tgz",
      "integrity": "sha512-gM8cFl0P5jmDXyuAUGBr+Aaz0iGGLOH0IU8HCvbY+ysZFliNyNPFfd192zwVedkIiaCPc2Pp1IVyhBxwz4RCcw==",
      "optional": true
    },
    "@next/swc-linux-x64-musl": {
      "version": "12.0.9-canary.8",
      "resolved": "https://registry.npmjs.org/@next/swc-linux-x64-musl/-/swc-linux-x64-musl-12.0.9-canary.8.tgz",
      "integrity": "sha512-IJLQEJbtrIPTDD8o71kU+v7+4xsSaqH1PVIAYP+m73cK5T+Dylppy1ivHNv6uEMahy2oFd9Q0xryxnSv26iohg==",
      "optional": true
    },
    "@next/swc-win32-arm64-msvc": {
      "version": "12.0.9-canary.8",
      "resolved": "https://registry.npmjs.org/@next/swc-win32-arm64-msvc/-/swc-win32-arm64-msvc-12.0.9-canary.8.tgz",
      "integrity": "sha512-8yBr+0YpexuWYBWf44eWtgUsPBY4/qwKASPDAxgVt1v/c7ymqFdDILCX/kbK8xsfHpFrgfb50lUIm7PTb1oJ/Q==",
      "optional": true
    },
    "@next/swc-win32-ia32-msvc": {
      "version": "12.0.9-canary.8",
      "resolved": "https://registry.npmjs.org/@next/swc-win32-ia32-msvc/-/swc-win32-ia32-msvc-12.0.9-canary.8.tgz",
      "integrity": "sha512-aBJzJZ55wWq017FR+WHQFf7Q8GtQ+djAkCFvWqLDjtsV+AMhDPxEF87hdTO/GpVMM/S7UHrwgAH49RU4y8vySg==",
      "optional": true
    },
    "@next/swc-win32-x64-msvc": {
      "version": "12.0.9-canary.8",
      "resolved": "https://registry.npmjs.org/@next/swc-win32-x64-msvc/-/swc-win32-x64-msvc-12.0.9-canary.8.tgz",
      "integrity": "sha512-CbkPjzA6pmfJQ4+nvnuBau5KS6lkOJwtCk0ixifJi83b1zB07qLj39GSNCLbWtEqX2YCGhQQu4hhXJB8s0YGXA==",
      "optional": true
    },
    "caniuse-lite": {
      "version": "1.0.30001301",
      "resolved": "https://registry.npmjs.org/caniuse-lite/-/caniuse-lite-1.0.30001301.tgz",
      "integrity": "sha512-csfD/GpHMqgEL3V3uIgosvh+SVIQvCh43SNu9HRbP1lnxkKm1kjDG4f32PP571JplkLjfS+mg2p1gxR7MYrrIA=="
    },
    "js-tokens": {
      "version": "4.0.0",
      "resolved": "https://registry.npmjs.org/js-tokens/-/js-tokens-4.0.0.tgz",
      "integrity": "sha512-RdJUflcE3cUzKiMqQgsCu06FPu9UdIJO0beYbPhHN4k6apgJtifcoCtT9bcxOpYBtpD2kCM6Sbzg4CausW/PKQ=="
    },
    "loose-envify": {
      "version": "1.4.0",
      "resolved": "https://registry.npmjs.org/loose-envify/-/loose-envify-1.4.0.tgz",
      "integrity": "sha512-lyuxPGr/Wfhrlem2CL/UcnUc1zcqKAImBDzukY7Y5F/yQiNdko6+fRLevlw1HgMySw7f611UIY408EtxRSoK3Q==",
      "requires": {
        "js-tokens": "^3.0.0 || ^4.0.0"
      }
    },
    "nanoid": {
      "version": "3.2.0",
      "resolved": "https://registry.npmjs.org/nanoid/-/nanoid-3.2.0.tgz",
      "integrity": "sha512-fmsZYa9lpn69Ad5eDn7FMcnnSR+8R34W9qJEijxYhTbfOWzr22n1QxCMzXLK+ODyW2973V3Fux959iQoUxzUIA=="
    },
    "next": {
      "version": "12.0.9-canary.8",
      "resolved": "https://registry.npmjs.org/next/-/next-12.0.9-canary.8.tgz",
      "integrity": "sha512-JSNleBXtRdYKcN7RqP6x2G/H8C92+Ai+t9mxDlF0Y4LhxjmnvcFkxo2yJc9+055kyRezOS4r0PJGBPVRuZ3IWQ==",
      "requires": {
        "@next/env": "12.0.9-canary.8",
        "@next/swc-android-arm64": "12.0.9-canary.8",
        "@next/swc-darwin-arm64": "12.0.9-canary.8",
        "@next/swc-darwin-x64": "12.0.9-canary.8",
        "@next/swc-linux-arm-gnueabihf": "12.0.9-canary.8",
        "@next/swc-linux-arm64-gnu": "12.0.9-canary.8",
        "@next/swc-linux-arm64-musl": "12.0.9-canary.8",
        "@next/swc-linux-x64-gnu": "12.0.9-canary.8",
        "@next/swc-linux-x64-musl": "12.0.9-canary.8",
        "@next/swc-win32-arm64-msvc": "12.0.9-canary.8",
        "@next/swc-win32-ia32-msvc": "12.0.9-canary.8",
        "@next/swc-win32-x64-msvc": "12.0.9-canary.8",
        "caniuse-lite": "^1.0.30001283",
        "postcss": "8.4.5",
        "styled-jsx": "5.0.0",
        "use-subscription": "1.5.1"
      }
    },
    "object-assign": {
      "version": "4.1.1",
      "resolved": "https://registry.npmjs.org/object-assign/-/object-assign-4.1.1.tgz",
      "integrity": "sha1-IQmtx5ZYh8/AXLvUQsrIv7s2CGM="
    },
    "picocolors": {
      "version": "1.0.0",
      "resolved": "https://registry.npmjs.org/picocolors/-/picocolors-1.0.0.tgz",
      "integrity": "sha512-1fygroTLlHu66zi26VoTDv8yRgm0Fccecssto+MhsZ0D/DGW2sm8E8AjW7NU5VVTRt5GxbeZ5qBuJr+HyLYkjQ=="
    },
    "postcss": {
      "version": "8.4.5",
      "resolved": "https://registry.npmjs.org/postcss/-/postcss-8.4.5.tgz",
      "integrity": "sha512-jBDboWM8qpaqwkMwItqTQTiFikhs/67OYVvblFFTM7MrZjt6yMKd6r2kgXizEbTTljacm4NldIlZnhbjr84QYg==",
      "requires": {
        "nanoid": "^3.1.30",
        "picocolors": "^1.0.0",
        "source-map-js": "^1.0.1"
      }
    },
    "react": {
      "version": "17.0.2",
      "requires": {
        "loose-envify": "^1.1.0",
        "object-assign": "^4.1.1"
      }
    },
    "react-dom": {
      "version": "17.0.2",
      "requires": {
        "loose-envify": "^1.1.0",
        "object-assign": "^4.1.1",
        "scheduler": "^0.20.2"
      }
    },
    "scheduler": {
      "version": "0.20.2",
      "resolved": "https://registry.npmjs.org/scheduler/-/scheduler-0.20.2.tgz",
      "integrity": "sha512-2eWfGgAqqWFGqtdMmcL5zCMK1U8KlXv8SQFGglL3CEtd0aDVDWgeF/YoCmvln55m5zSk3J/20hTaSBeSObsQDQ==",
      "requires": {
        "loose-envify": "^1.1.0",
        "object-assign": "^4.1.1"
      }
    },
    "source-map-js": {
      "version": "1.0.2",
      "resolved": "https://registry.npmjs.org/source-map-js/-/source-map-js-1.0.2.tgz",
      "integrity": "sha512-R0XvVJ9WusLiqTCEiGCmICCMplcCkIwwR11mOSD9CR5u+IXYdiseeEuXCVAjS54zqwkLcPNnmU4OeJ6tUrWhDw=="
    },
    "styled-jsx": {
      "version": "5.0.0",
      "resolved": "https://registry.npmjs.org/styled-jsx/-/styled-jsx-5.0.0.tgz",
      "integrity": "sha512-qUqsWoBquEdERe10EW8vLp3jT25s/ssG1/qX5gZ4wu15OZpmSMFI2v+fWlRhLfykA5rFtlJ1ME8A8pm/peV4WA=="
    },
    "use-subscription": {
      "version": "1.5.1",
      "resolved": "https://registry.npmjs.org/use-subscription/-/use-subscription-1.5.1.tgz",
      "integrity": "sha512-Xv2a1P/yReAjAbhylMfFplFKj9GssgTwN7RlcTxBujFQcloStWNDQdc4g4NRWH9xS4i/FDk04vQBptAXoF3VcA==",
      "requires": {
        "object-assign": "^4.1.1"
      }
    }
  }
}
